
Microsoft Visual Studio Solution File, Format Version 12.00
# Visual Studio Version 17
VisualStudioVersion = 17.4.33205.214
MinimumVisualStudioVersion = 10.0.40219.1
Project("{FAE04EC0-301F-11D3-BF4B-00C04F79EFBC}") = "ADO_attached_mode", "ADO_attached_mode.csproj", "{55F8E05B-58FA-412E-A27A-AEE247258B69}"
EndProject
Global
	GlobalSection(SolutionConfigurationPlatforms) = preSolution
		Debug|Any CPU = Debug|Any CPU
		Release|Any CPU = Release|Any CPU
	EndGlobalSection
	GlobalSection(ProjectConfigurationPlatforms) = postSolution
		{55F8E05B-58FA-412E-A27A-AEE247258B69}.Debug|Any CPU.ActiveCfg = Debug|Any CPU
		{55F8E05B-58FA-412E-A27A-AEE247258B69}.Debug|Any CPU.Build.0 = Debug|Any CPU
		{55F8E05B-58FA-412E-A27A-AEE247258B69}.Release|Any CPU.ActiveCfg = Release|Any CPU
		{55F8E05B-58FA-412E-A27A-AEE247258B69}.Release|Any CPU.Build.0 = Release|Any CPU
	EndGlobalSection
	GlobalSection(SolutionProperties) = preSolution
		HideSolutionNode = FALSE
	EndGlobalSection
	GlobalSection(ExtensibilityGlobals) = postSolution
		SolutionGuid = {0C2652AC-25F1-4437-8A7B-6929650E0939}
	EndGlobalSection
EndGlobal
